
Microsoft Visual Studio Solution File, Format Version 12.00
# Visual Studio Version 16
VisualStudioVersion = 16.0.30011.22
MinimumVisualStudioVersion = 10.0.40219.1
Project("{FAE04EC0-301F-11D3-BF4B-00C04F79EFBC}") = "15-Queue Pronto Soccorso", "15-Queue Pronto Soccorso\15-Queue Pronto Soccorso.csproj", "{071ED8A1-F4C5-4D15-85AF-35B8E88CDC06}"
EndProject
Global
	GlobalSection(SolutionConfigurationPlatforms) = preSolution
		Debug|Any CPU = Debug|Any CPU
		Release|Any CPU = Release|Any CPU
	EndGlobalSection
	GlobalSection(ProjectConfigurationPlatforms) = postSolution
		{071ED8A1-F4C5-4D15-85AF-35B8E88CDC06}.Debug|Any CPU.ActiveCfg = Debug|Any CPU
		{071ED8A1-F4C5-4D15-85AF-35B8E88CDC06}.Debug|Any CPU.Build.0 = Debug|Any CPU
		{071ED8A1-F4C5-4D15-85AF-35B8E88CDC06}.Release|Any CPU.ActiveCfg = Release|Any CPU
		{071ED8A1-F4C5-4D15-85AF-35B8E88CDC06}.Release|Any CPU.Build.0 = Release|Any CPU
	EndGlobalSection
	GlobalSection(SolutionProperties) = preSolution
		HideSolutionNode = FALSE
	EndGlobalSection
	GlobalSection(ExtensibilityGlobals) = postSolution
		SolutionGuid = {1135F777-49EC-4789-B028-E0F087A8FF4B}
	EndGlobalSection
EndGlobal
