
Microsoft Visual Studio Solution File, Format Version 12.00
# Visual Studio Version 16
VisualStudioVersion = 16.0.30011.22
MinimumVisualStudioVersion = 10.0.40219.1
Project("{FAE04EC0-301F-11D3-BF4B-00C04F79EFBC}") = "20-OOP Persone Studenti", "20-OOP Persone Studenti\20-OOP Persone Studenti.csproj", "{586CA5FF-8310-4C8C-A747-D70CAA5EB381}"
EndProject
Global
	GlobalSection(SolutionConfigurationPlatforms) = preSolution
		Debug|Any CPU = Debug|Any CPU
		Release|Any CPU = Release|Any CPU
	EndGlobalSection
	GlobalSection(ProjectConfigurationPlatforms) = postSolution
		{586CA5FF-8310-4C8C-A747-D70CAA5EB381}.Debug|Any CPU.ActiveCfg = Debug|Any CPU
		{586CA5FF-8310-4C8C-A747-D70CAA5EB381}.Debug|Any CPU.Build.0 = Debug|Any CPU
		{586CA5FF-8310-4C8C-A747-D70CAA5EB381}.Release|Any CPU.ActiveCfg = Release|Any CPU
		{586CA5FF-8310-4C8C-A747-D70CAA5EB381}.Release|Any CPU.Build.0 = Release|Any CPU
	EndGlobalSection
	GlobalSection(SolutionProperties) = preSolution
		HideSolutionNode = FALSE
	EndGlobalSection
	GlobalSection(ExtensibilityGlobals) = postSolution
		SolutionGuid = {843A88DA-ED4D-4544-BA2A-BC2ABAEC7B38}
	EndGlobalSection
EndGlobal
