
Microsoft Visual Studio Solution File, Format Version 12.00
# Visual Studio Version 16
VisualStudioVersion = 16.0.30011.22
MinimumVisualStudioVersion = 10.0.40219.1
Project("{FAE04EC0-301F-11D3-BF4B-00C04F79EFBC}") = "14-Dictionary Esercitazione", "14-Dictionary Esercitazione\14-Dictionary Esercitazione.csproj", "{92AA5211-B20E-4756-9F2C-96A1F5793BFC}"
EndProject
Global
	GlobalSection(SolutionConfigurationPlatforms) = preSolution
		Debug|Any CPU = Debug|Any CPU
		Release|Any CPU = Release|Any CPU
	EndGlobalSection
	GlobalSection(ProjectConfigurationPlatforms) = postSolution
		{92AA5211-B20E-4756-9F2C-96A1F5793BFC}.Debug|Any CPU.ActiveCfg = Debug|Any CPU
		{92AA5211-B20E-4756-9F2C-96A1F5793BFC}.Debug|Any CPU.Build.0 = Debug|Any CPU
		{92AA5211-B20E-4756-9F2C-96A1F5793BFC}.Release|Any CPU.ActiveCfg = Release|Any CPU
		{92AA5211-B20E-4756-9F2C-96A1F5793BFC}.Release|Any CPU.Build.0 = Release|Any CPU
	EndGlobalSection
	GlobalSection(SolutionProperties) = preSolution
		HideSolutionNode = FALSE
	EndGlobalSection
	GlobalSection(ExtensibilityGlobals) = postSolution
		SolutionGuid = {A496F14F-4281-461B-BC28-A6D705AEDC71}
	EndGlobalSection
EndGlobal
