
Microsoft Visual Studio Solution File, Format Version 12.00
# Visual Studio Version 16
VisualStudioVersion = 16.0.30011.22
MinimumVisualStudioVersion = 10.0.40219.1
Project("{FAE04EC0-301F-11D3-BF4B-00C04F79EFBC}") = "28-Uso Interfaccia I Comparable", "28-Uso Interfaccia I Comparable\28-Uso Interfaccia I Comparable.csproj", "{C8B107D9-AF7A-4332-ACFE-2A8EB69DA39B}"
EndProject
Global
	GlobalSection(SolutionConfigurationPlatforms) = preSolution
		Debug|Any CPU = Debug|Any CPU
		Release|Any CPU = Release|Any CPU
	EndGlobalSection
	GlobalSection(ProjectConfigurationPlatforms) = postSolution
		{C8B107D9-AF7A-4332-ACFE-2A8EB69DA39B}.Debug|Any CPU.ActiveCfg = Debug|Any CPU
		{C8B107D9-AF7A-4332-ACFE-2A8EB69DA39B}.Debug|Any CPU.Build.0 = Debug|Any CPU
		{C8B107D9-AF7A-4332-ACFE-2A8EB69DA39B}.Release|Any CPU.ActiveCfg = Release|Any CPU
		{C8B107D9-AF7A-4332-ACFE-2A8EB69DA39B}.Release|Any CPU.Build.0 = Release|Any CPU
	EndGlobalSection
	GlobalSection(SolutionProperties) = preSolution
		HideSolutionNode = FALSE
	EndGlobalSection
	GlobalSection(ExtensibilityGlobals) = postSolution
		SolutionGuid = {4D27CA87-2397-46CB-A09B-2D43D1BE2AC6}
	EndGlobalSection
EndGlobal
