
Microsoft Visual Studio Solution File, Format Version 12.00
# Visual Studio Version 16
VisualStudioVersion = 16.0.30011.22
MinimumVisualStudioVersion = 10.0.40219.1
Project("{FAE04EC0-301F-11D3-BF4B-00C04F79EFBC}") = "04-Esercitazione Form e Menù", "04-Esercitazione Form e Menù\04-Esercitazione Form e Menù.csproj", "{32850351-2352-469E-96AD-54D12F221F3E}"
EndProject
Global
	GlobalSection(SolutionConfigurationPlatforms) = preSolution
		Debug|Any CPU = Debug|Any CPU
		Release|Any CPU = Release|Any CPU
	EndGlobalSection
	GlobalSection(ProjectConfigurationPlatforms) = postSolution
		{32850351-2352-469E-96AD-54D12F221F3E}.Debug|Any CPU.ActiveCfg = Debug|Any CPU
		{32850351-2352-469E-96AD-54D12F221F3E}.Debug|Any CPU.Build.0 = Debug|Any CPU
		{32850351-2352-469E-96AD-54D12F221F3E}.Release|Any CPU.ActiveCfg = Release|Any CPU
		{32850351-2352-469E-96AD-54D12F221F3E}.Release|Any CPU.Build.0 = Release|Any CPU
	EndGlobalSection
	GlobalSection(SolutionProperties) = preSolution
		HideSolutionNode = FALSE
	EndGlobalSection
	GlobalSection(ExtensibilityGlobals) = postSolution
		SolutionGuid = {83F4ABB3-CDF6-4C53-8B44-2B7134B834D8}
	EndGlobalSection
EndGlobal
