
Microsoft Visual Studio Solution File, Format Version 12.00
# Visual Studio Version 16
VisualStudioVersion = 16.0.30011.22
MinimumVisualStudioVersion = 10.0.40219.1
Project("{FAE04EC0-301F-11D3-BF4B-00C04F79EFBC}") = "26-Stagisti", "26-Stagisti\26-Stagisti.csproj", "{C897C99B-7115-4E07-A8CE-2263F5005414}"
EndProject
Global
	GlobalSection(SolutionConfigurationPlatforms) = preSolution
		Debug|Any CPU = Debug|Any CPU
		Release|Any CPU = Release|Any CPU
	EndGlobalSection
	GlobalSection(ProjectConfigurationPlatforms) = postSolution
		{C897C99B-7115-4E07-A8CE-2263F5005414}.Debug|Any CPU.ActiveCfg = Debug|Any CPU
		{C897C99B-7115-4E07-A8CE-2263F5005414}.Debug|Any CPU.Build.0 = Debug|Any CPU
		{C897C99B-7115-4E07-A8CE-2263F5005414}.Release|Any CPU.ActiveCfg = Release|Any CPU
		{C897C99B-7115-4E07-A8CE-2263F5005414}.Release|Any CPU.Build.0 = Release|Any CPU
	EndGlobalSection
	GlobalSection(SolutionProperties) = preSolution
		HideSolutionNode = FALSE
	EndGlobalSection
	GlobalSection(ExtensibilityGlobals) = postSolution
		SolutionGuid = {816EB289-4BBF-4871-9770-ECEA1EE63792}
	EndGlobalSection
EndGlobal
