
Microsoft Visual Studio Solution File, Format Version 12.00
# Visual Studio Version 16
VisualStudioVersion = 16.0.29519.87
MinimumVisualStudioVersion = 10.0.40219.1
Project("{FAE04EC0-301F-11D3-BF4B-00C04F79EFBC}") = "07-ClasseSingleton", "07-ClasseSingleton\07-ClasseSingleton.csproj", "{C30256C3-41D1-4AA6-BE1E-EBA855B9DE2F}"
EndProject
Global
	GlobalSection(SolutionConfigurationPlatforms) = preSolution
		Debug|Any CPU = Debug|Any CPU
		Release|Any CPU = Release|Any CPU
	EndGlobalSection
	GlobalSection(ProjectConfigurationPlatforms) = postSolution
		{C30256C3-41D1-4AA6-BE1E-EBA855B9DE2F}.Debug|Any CPU.ActiveCfg = Debug|Any CPU
		{C30256C3-41D1-4AA6-BE1E-EBA855B9DE2F}.Debug|Any CPU.Build.0 = Debug|Any CPU
		{C30256C3-41D1-4AA6-BE1E-EBA855B9DE2F}.Release|Any CPU.ActiveCfg = Release|Any CPU
		{C30256C3-41D1-4AA6-BE1E-EBA855B9DE2F}.Release|Any CPU.Build.0 = Release|Any CPU
	EndGlobalSection
	GlobalSection(SolutionProperties) = preSolution
		HideSolutionNode = FALSE
	EndGlobalSection
	GlobalSection(ExtensibilityGlobals) = postSolution
		SolutionGuid = {CDA7E92C-2BBB-467F-ACCC-1F4CC9DC291D}
	EndGlobalSection
EndGlobal
