
Microsoft Visual Studio Solution File, Format Version 12.00
# Visual Studio Version 16
VisualStudioVersion = 16.0.30011.22
MinimumVisualStudioVersion = 10.0.40219.1
Project("{FAE04EC0-301F-11D3-BF4B-00C04F79EFBC}") = "03-MultiForm con MenuStrip", "03-MultiForm con MenuStrip\03-MultiForm con MenuStrip.csproj", "{465DBA12-10D3-4694-ADE2-13F8AA6CF6EE}"
EndProject
Global
	GlobalSection(SolutionConfigurationPlatforms) = preSolution
		Debug|Any CPU = Debug|Any CPU
		Release|Any CPU = Release|Any CPU
	EndGlobalSection
	GlobalSection(ProjectConfigurationPlatforms) = postSolution
		{465DBA12-10D3-4694-ADE2-13F8AA6CF6EE}.Debug|Any CPU.ActiveCfg = Debug|Any CPU
		{465DBA12-10D3-4694-ADE2-13F8AA6CF6EE}.Debug|Any CPU.Build.0 = Debug|Any CPU
		{465DBA12-10D3-4694-ADE2-13F8AA6CF6EE}.Release|Any CPU.ActiveCfg = Release|Any CPU
		{465DBA12-10D3-4694-ADE2-13F8AA6CF6EE}.Release|Any CPU.Build.0 = Release|Any CPU
	EndGlobalSection
	GlobalSection(SolutionProperties) = preSolution
		HideSolutionNode = FALSE
	EndGlobalSection
	GlobalSection(ExtensibilityGlobals) = postSolution
		SolutionGuid = {EE0FC6F7-771B-4958-88DE-93264509E9A0}
	EndGlobalSection
EndGlobal
