
Microsoft Visual Studio Solution File, Format Version 12.00
# Visual Studio Version 16
VisualStudioVersion = 16.0.29519.87
MinimumVisualStudioVersion = 10.0.40219.1
Project("{FAE04EC0-301F-11D3-BF4B-00C04F79EFBC}") = "08-CodaLibri", "08-CodaLibri\08-CodaLibri.csproj", "{1144AD21-883A-464E-A217-3602059A466B}"
EndProject
Global
	GlobalSection(SolutionConfigurationPlatforms) = preSolution
		Debug|Any CPU = Debug|Any CPU
		Release|Any CPU = Release|Any CPU
	EndGlobalSection
	GlobalSection(ProjectConfigurationPlatforms) = postSolution
		{1144AD21-883A-464E-A217-3602059A466B}.Debug|Any CPU.ActiveCfg = Debug|Any CPU
		{1144AD21-883A-464E-A217-3602059A466B}.Debug|Any CPU.Build.0 = Debug|Any CPU
		{1144AD21-883A-464E-A217-3602059A466B}.Release|Any CPU.ActiveCfg = Release|Any CPU
		{1144AD21-883A-464E-A217-3602059A466B}.Release|Any CPU.Build.0 = Release|Any CPU
	EndGlobalSection
	GlobalSection(SolutionProperties) = preSolution
		HideSolutionNode = FALSE
	EndGlobalSection
	GlobalSection(ExtensibilityGlobals) = postSolution
		SolutionGuid = {E2089159-2547-44FF-A523-C9BEAD242765}
	EndGlobalSection
EndGlobal
