
Microsoft Visual Studio Solution File, Format Version 12.00
# Visual Studio Version 16
VisualStudioVersion = 16.0.30011.22
MinimumVisualStudioVersion = 10.0.40219.1
Project("{FAE04EC0-301F-11D3-BF4B-00C04F79EFBC}") = "27-Interfaccia", "27-Interfaccia\27-Interfaccia.csproj", "{E8A5B9DD-0BCC-4ACE-BF92-47D15BCA605A}"
EndProject
Global
	GlobalSection(SolutionConfigurationPlatforms) = preSolution
		Debug|Any CPU = Debug|Any CPU
		Release|Any CPU = Release|Any CPU
	EndGlobalSection
	GlobalSection(ProjectConfigurationPlatforms) = postSolution
		{E8A5B9DD-0BCC-4ACE-BF92-47D15BCA605A}.Debug|Any CPU.ActiveCfg = Debug|Any CPU
		{E8A5B9DD-0BCC-4ACE-BF92-47D15BCA605A}.Debug|Any CPU.Build.0 = Debug|Any CPU
		{E8A5B9DD-0BCC-4ACE-BF92-47D15BCA605A}.Release|Any CPU.ActiveCfg = Release|Any CPU
		{E8A5B9DD-0BCC-4ACE-BF92-47D15BCA605A}.Release|Any CPU.Build.0 = Release|Any CPU
	EndGlobalSection
	GlobalSection(SolutionProperties) = preSolution
		HideSolutionNode = FALSE
	EndGlobalSection
	GlobalSection(ExtensibilityGlobals) = postSolution
		SolutionGuid = {F4CCBFC1-5309-48BE-A18F-B5CA34B729D8}
	EndGlobalSection
EndGlobal
