
Microsoft Visual Studio Solution File, Format Version 12.00
# Visual Studio Version 16
VisualStudioVersion = 16.0.30011.22
MinimumVisualStudioVersion = 10.0.40219.1
Project("{FAE04EC0-301F-11D3-BF4B-00C04F79EFBC}") = "29-Interfaccia IComparer", "29-Interfaccia IComparer\29-Interfaccia IComparer.csproj", "{19784F24-B8C4-4F40-B209-7A575A7946B1}"
EndProject
Global
	GlobalSection(SolutionConfigurationPlatforms) = preSolution
		Debug|Any CPU = Debug|Any CPU
		Release|Any CPU = Release|Any CPU
	EndGlobalSection
	GlobalSection(ProjectConfigurationPlatforms) = postSolution
		{19784F24-B8C4-4F40-B209-7A575A7946B1}.Debug|Any CPU.ActiveCfg = Debug|Any CPU
		{19784F24-B8C4-4F40-B209-7A575A7946B1}.Debug|Any CPU.Build.0 = Debug|Any CPU
		{19784F24-B8C4-4F40-B209-7A575A7946B1}.Release|Any CPU.ActiveCfg = Release|Any CPU
		{19784F24-B8C4-4F40-B209-7A575A7946B1}.Release|Any CPU.Build.0 = Release|Any CPU
	EndGlobalSection
	GlobalSection(SolutionProperties) = preSolution
		HideSolutionNode = FALSE
	EndGlobalSection
	GlobalSection(ExtensibilityGlobals) = postSolution
		SolutionGuid = {8DEBD0D7-FBD5-4CB0-847B-0B46D18AB68F}
	EndGlobalSection
EndGlobal
