
Microsoft Visual Studio Solution File, Format Version 12.00
# Visual Studio Version 16
VisualStudioVersion = 16.0.30011.22
MinimumVisualStudioVersion = 10.0.40219.1
Project("{FAE04EC0-301F-11D3-BF4B-00C04F79EFBC}") = "31-Progetto Delegate Dispense", "31-Progetto Delegate Dispense\31-Progetto Delegate Dispense.csproj", "{A9BDEC7D-13FD-47DB-8043-0C96A79F1672}"
EndProject
Global
	GlobalSection(SolutionConfigurationPlatforms) = preSolution
		Debug|Any CPU = Debug|Any CPU
		Release|Any CPU = Release|Any CPU
	EndGlobalSection
	GlobalSection(ProjectConfigurationPlatforms) = postSolution
		{A9BDEC7D-13FD-47DB-8043-0C96A79F1672}.Debug|Any CPU.ActiveCfg = Debug|Any CPU
		{A9BDEC7D-13FD-47DB-8043-0C96A79F1672}.Debug|Any CPU.Build.0 = Debug|Any CPU
		{A9BDEC7D-13FD-47DB-8043-0C96A79F1672}.Release|Any CPU.ActiveCfg = Release|Any CPU
		{A9BDEC7D-13FD-47DB-8043-0C96A79F1672}.Release|Any CPU.Build.0 = Release|Any CPU
	EndGlobalSection
	GlobalSection(SolutionProperties) = preSolution
		HideSolutionNode = FALSE
	EndGlobalSection
	GlobalSection(ExtensibilityGlobals) = postSolution
		SolutionGuid = {18A87FDC-32B3-43F8-842C-3378A0539B38}
	EndGlobalSection
EndGlobal
