
Microsoft Visual Studio Solution File, Format Version 12.00
# Visual Studio Version 16
VisualStudioVersion = 16.0.30011.22
MinimumVisualStudioVersion = 10.0.40219.1
Project("{FAE04EC0-301F-11D3-BF4B-00C04F79EFBC}") = "30-Delegate", "30-Delegate\30-Delegate.csproj", "{9ED58B64-C6FE-4EB2-97F3-6B1D96F71234}"
EndProject
Global
	GlobalSection(SolutionConfigurationPlatforms) = preSolution
		Debug|Any CPU = Debug|Any CPU
		Release|Any CPU = Release|Any CPU
	EndGlobalSection
	GlobalSection(ProjectConfigurationPlatforms) = postSolution
		{9ED58B64-C6FE-4EB2-97F3-6B1D96F71234}.Debug|Any CPU.ActiveCfg = Debug|Any CPU
		{9ED58B64-C6FE-4EB2-97F3-6B1D96F71234}.Debug|Any CPU.Build.0 = Debug|Any CPU
		{9ED58B64-C6FE-4EB2-97F3-6B1D96F71234}.Release|Any CPU.ActiveCfg = Release|Any CPU
		{9ED58B64-C6FE-4EB2-97F3-6B1D96F71234}.Release|Any CPU.Build.0 = Release|Any CPU
	EndGlobalSection
	GlobalSection(SolutionProperties) = preSolution
		HideSolutionNode = FALSE
	EndGlobalSection
	GlobalSection(ExtensibilityGlobals) = postSolution
		SolutionGuid = {2B054225-321D-461D-9C56-A551E54AFF67}
	EndGlobalSection
EndGlobal
